// !$*UTF8*$!
{
	archiveVersion = 1;
	classes = {
	};
	objectVersion = 46;
	objects = {

/* Begin PBXBuildFile section */
		D3CF948B15B5BE140041FE53 /* QuartzCore.framework in Frameworks */ = {isa = PBXBuildFile; fileRef = D3CF948A15B5BE140041FE53 /* QuartzCore.framework */; };
		D3CF948D15B5BE140041FE53 /* OpenGLES.framework in Frameworks */ = {isa = PBXBuildFile; fileRef = D3CF948C15B5BE140041FE53 /* OpenGLES.framework */; };
		D3CF948F15B5BE140041FE53 /* OpenAL.framework in Frameworks */ = {isa = PBXBuildFile; fileRef = D3CF948E15B5BE140041FE53 /* OpenAL.framework */; };
		D3CF949115B5BE140041FE53 /* AudioToolbox.framework in Frameworks */ = {isa = PBXBuildFile; fileRef = D3CF949015B5BE140041FE53 /* AudioToolbox.framework */; };
		D3CF949315B5BE140041FE53 /* AVFoundation.framework in Frameworks */ = {isa = PBXBuildFile; fileRef = D3CF949215B5BE140041FE53 /* AVFoundation.framework */; };
		D3CF949515B5BE140041FE53 /* UIKit.framework in Frameworks */ = {isa = PBXBuildFile; fileRef = D3CF949415B5BE140041FE53 /* UIKit.framework */; };
		D3CF949715B5BE140041FE53 /* Foundation.framework in Frameworks */ = {isa = PBXBuildFile; fileRef = D3CF949615B5BE140041FE53 /* Foundation.framework */; };
		D3CF949915B5BE140041FE53 /* CoreGraphics.framework in Frameworks */ = {isa = PBXBuildFile; fileRef = D3CF949815B5BE140041FE53 /* CoreGraphics.framework */; };
		D3CF949B15B5BE140041FE53 /* GameKit.framework in Frameworks */ = {isa = PBXBuildFile; fileRef = D3CF949A15B5BE140041FE53 /* GameKit.framework */; };
		D3CF949F15B5BE140041FE53 /* Default.png in Resources */ = {isa = PBXBuildFile; fileRef = D3CF949E15B5BE140041FE53 /* Default.png */; };
		D3CF94A115B5BE140041FE53 /* Default-Landscape~ipad.png in Resources */ = {isa = PBXBuildFile; fileRef = D3CF94A015B5BE140041FE53 /* Default-Landscape~ipad.png */; };
		D3CF94A315B5BE140041FE53 /* fps_images.png in Resources */ = {isa = PBXBuildFile; fileRef = D3CF94A215B5BE140041FE53 /* fps_images.png */; };
		D3CF94A515B5BE140041FE53 /* fps_images-hd.png in Resources */ = {isa = PBXBuildFile; fileRef = D3CF94A415B5BE140041FE53 /* fps_images-hd.png */; };
		D3CF94A715B5BE140041FE53 /* fps_images-ipadhd.png in Resources */ = {isa = PBXBuildFile; fileRef = D3CF94A615B5BE140041FE53 /* fps_images-ipadhd.png */; };
		D3CF94A915B5BE140041FE53 /* Icon-72.png in Resources */ = {isa = PBXBuildFile; fileRef = D3CF94A815B5BE140041FE53 /* Icon-72.png */; };
		D3CF94AB15B5BE140041FE53 /* Icon-Small-50.png in Resources */ = {isa = PBXBuildFile; fileRef = D3CF94AA15B5BE140041FE53 /* Icon-Small-50.png */; };
		D3CF94AD15B5BE140041FE53 /* Icon-Small.png in Resources */ = {isa = PBXBuildFile; fileRef = D3CF94AC15B5BE140041FE53 /* Icon-Small.png */; };
		D3CF94AF15B5BE140041FE53 /* Icon-Small@2x.png in Resources */ = {isa = PBXBuildFile; fileRef = D3CF94AE15B5BE140041FE53 /* Icon-Small@2x.png */; };
		D3CF94B115B5BE140041FE53 /* Icon.png in Resources */ = {isa = PBXBuildFile; fileRef = D3CF94B015B5BE140041FE53 /* Icon.png */; };
		D3CF94B315B5BE140041FE53 /* Icon@2x.png in Resources */ = {isa = PBXBuildFile; fileRef = D3CF94B215B5BE140041FE53 /* Icon@2x.png */; };
		D3CF94B615B5BE140041FE53 /* iTunesArtwork in Resources */ = {isa = PBXBuildFile; fileRef = D3CF94B515B5BE140041FE53 /* iTunesArtwork */; };
		D3CF961315B5BE170041FE53 /* main.m in Sources */ = {isa = PBXBuildFile; fileRef = D3CF961215B5BE170041FE53 /* main.m */; };
		D3CF961615B5BE170041FE53 /* AppDelegate.m in Sources */ = {isa = PBXBuildFile; fileRef = D3CF961515B5BE170041FE53 /* AppDelegate.m */; };
		D3CF962C15B5BEB70041FE53 /* bullet1-hd.png in Resources */ = {isa = PBXBuildFile; fileRef = D3CF962215B5BEB70041FE53 /* bullet1-hd.png */; };
		D3CF962D15B5BEB70041FE53 /* bullet1.png in Resources */ = {isa = PBXBuildFile; fileRef = D3CF962315B5BEB70041FE53 /* bullet1.png */; };
		D3CF962E15B5BEB70041FE53 /* bullet2-hd.png in Resources */ = {isa = PBXBuildFile; fileRef = D3CF962415B5BEB70041FE53 /* bullet2-hd.png */; };
		D3CF962F15B5BEB70041FE53 /* bullet2.png in Resources */ = {isa = PBXBuildFile; fileRef = D3CF962515B5BEB70041FE53 /* bullet2.png */; };
		D3CF963215B5BEB70041FE53 /* HelloWorldLayer.m in Sources */ = {isa = PBXBuildFile; fileRef = D3CF962B15B5BEB70041FE53 /* HelloWorldLayer.m */; };
		E60511BD1627149400D6140A /* Default.png in Resources */ = {isa = PBXBuildFile; fileRef = D3CF949E15B5BE140041FE53 /* Default.png */; };
		E60511BE1627149400D6140A /* Default-Landscape~ipad.png in Resources */ = {isa = PBXBuildFile; fileRef = D3CF94A015B5BE140041FE53 /* Default-Landscape~ipad.png */; };
		E60511BF1627149400D6140A /* fps_images.png in Resources */ = {isa = PBXBuildFile; fileRef = D3CF94A215B5BE140041FE53 /* fps_images.png */; };
		E60511C01627149400D6140A /* fps_images-hd.png in Resources */ = {isa = PBXBuildFile; fileRef = D3CF94A415B5BE140041FE53 /* fps_images-hd.png */; };
		E60511C11627149400D6140A /* fps_images-ipadhd.png in Resources */ = {isa = PBXBuildFile; fileRef = D3CF94A615B5BE140041FE53 /* fps_images-ipadhd.png */; };
		E60511C21627149400D6140A /* Icon-72.png in Resources */ = {isa = PBXBuildFile; fileRef = D3CF94A815B5BE140041FE53 /* Icon-72.png */; };
		E60511C31627149400D6140A /* Icon-Small-50.png in Resources */ = {isa = PBXBuildFile; fileRef = D3CF94AA15B5BE140041FE53 /* Icon-Small-50.png */; };
		E60511C41627149400D6140A /* Icon-Small.png in Resources */ = {isa = PBXBuildFile; fileRef = D3CF94AC15B5BE140041FE53 /* Icon-Small.png */; };
		E60511C51627149400D6140A /* Icon-Small@2x.png in Resources */ = {isa = PBXBuildFile; fileRef = D3CF94AE15B5BE140041FE53 /* Icon-Small@2x.png */; };
		E60511C61627149400D6140A /* Icon.png in Resources */ = {isa = PBXBuildFile; fileRef = D3CF94B015B5BE140041FE53 /* Icon.png */; };
		E60511C71627149400D6140A /* Icon@2x.png in Resources */ = {isa = PBXBuildFile; fileRef = D3CF94B215B5BE140041FE53 /* Icon@2x.png */; };
		E60511C91627149400D6140A /* iTunesArtwork in Resources */ = {isa = PBXBuildFile; fileRef = D3CF94B515B5BE140041FE53 /* iTunesArtwork */; };
		E60511D41627151700D6140A /* HelloWorldLayer.m in Sources */ = {isa = PBXBuildFile; fileRef = D3CF962B15B5BEB70041FE53 /* HelloWorldLayer.m */; };
		E60511D51627151700D6140A /* AppDelegate.m in Sources */ = {isa = PBXBuildFile; fileRef = D3CF961515B5BE170041FE53 /* AppDelegate.m */; };
		E60511D71627156000D6140A /* main.m in Sources */ = {isa = PBXBuildFile; fileRef = D3CF961215B5BE170041FE53 /* main.m */; };
		E605123716271D7A00D6140A /* CCItemsScroller.m in Sources */ = {isa = PBXBuildFile; fileRef = D3CF962715B5BEB70041FE53 /* CCItemsScroller.m */; };
		E605123816271D7A00D6140A /* CCSelectableItem.m in Sources */ = {isa = PBXBuildFile; fileRef = D3CF962915B5BEB70041FE53 /* CCSelectableItem.m */; };
		E605123916271D9000D6140A /* CCItemsScroller.h in Headers */ = {isa = PBXBuildFile; fileRef = D3CF962615B5BEB70041FE53 /* CCItemsScroller.h */; };
		E605123A16271D9000D6140A /* CCSelectableItem.h in Headers */ = {isa = PBXBuildFile; fileRef = D3CF962815B5BEB70041FE53 /* CCSelectableItem.h */; };
		E605123B16271D9E00D6140A /* CCItemsScroller.m in Sources */ = {isa = PBXBuildFile; fileRef = D3CF962715B5BEB70041FE53 /* CCItemsScroller.m */; };
		E605123C16271D9E00D6140A /* CCSelectableItem.m in Sources */ = {isa = PBXBuildFile; fileRef = D3CF962915B5BEB70041FE53 /* CCSelectableItem.m */; };
		E605123D16271DB500D6140A /* CCItemsScroller.h in Headers */ = {isa = PBXBuildFile; fileRef = D3CF962615B5BEB70041FE53 /* CCItemsScroller.h */; };
		E605123E16271DB500D6140A /* CCSelectableItem.h in Headers */ = {isa = PBXBuildFile; fileRef = D3CF962815B5BEB70041FE53 /* CCSelectableItem.h */; };
		E60512441627210800D6140A /* CFNetwork.framework in Frameworks */ = {isa = PBXBuildFile; fileRef = E60512401627210800D6140A /* CFNetwork.framework */; };
		E60512451627210800D6140A /* CoreMIDI.framework in Frameworks */ = {isa = PBXBuildFile; fileRef = E60512411627210800D6140A /* CoreMIDI.framework */; };
		E60512461627210800D6140A /* CoreVideo.framework in Frameworks */ = {isa = PBXBuildFile; fileRef = E60512421627210800D6140A /* CoreVideo.framework */; };
		E6051252162721E200D6140A /* IntroLayer.m in Sources */ = {isa = PBXBuildFile; fileRef = D3CF961B15B5BE170041FE53 /* IntroLayer.m */; };
		E60512551627280100D6140A /* AppKit.framework in Frameworks */ = {isa = PBXBuildFile; fileRef = E60511DB16271A5C00D6140A /* AppKit.framework */; };
		E60512581627280100D6140A /* Cocoa.framework in Frameworks */ = {isa = PBXBuildFile; fileRef = E60511DC16271A5C00D6140A /* Cocoa.framework */; };
		E605125B1627280100D6140A /* OpenAL.framework in Frameworks */ = {isa = PBXBuildFile; fileRef = E60511E316271A5C00D6140A /* OpenAL.framework */; };
		E605125C1627280100D6140A /* OpenGL.framework in Frameworks */ = {isa = PBXBuildFile; fileRef = E60511E416271A5C00D6140A /* OpenGL.framework */; };
		E605125D1627280100D6140A /* QuartzCore.framework in Frameworks */ = {isa = PBXBuildFile; fileRef = E60511E516271A5C00D6140A /* QuartzCore.framework */; };
		E605126316272C3C00D6140A /* MainMenu.xib in Resources */ = {isa = PBXBuildFile; fileRef = E605126216272C3C00D6140A /* MainMenu.xib */; };
		E605126416272C3C00D6140A /* MainMenu.xib in Resources */ = {isa = PBXBuildFile; fileRef = E605126216272C3C00D6140A /* MainMenu.xib */; };
		E605126616272E4900D6140A /* bullet1-hd.png in Resources */ = {isa = PBXBuildFile; fileRef = D3CF962215B5BEB70041FE53 /* bullet1-hd.png */; };
		E605126716272E4900D6140A /* bullet1.png in Resources */ = {isa = PBXBuildFile; fileRef = D3CF962315B5BEB70041FE53 /* bullet1.png */; };
		E605126816272E4900D6140A /* bullet2-hd.png in Resources */ = {isa = PBXBuildFile; fileRef = D3CF962415B5BEB70041FE53 /* bullet2-hd.png */; };
		E605126916272E4900D6140A /* bullet2.png in Resources */ = {isa = PBXBuildFile; fileRef = D3CF962515B5BEB70041FE53 /* bullet2.png */; };
		E60512701627749300D6140A /* CCItemsScroller.m in Sources */ = {isa = PBXBuildFile; fileRef = D3CF962715B5BEB70041FE53 /* CCItemsScroller.m */; };
		E60512711627749300D6140A /* CCSelectableItem.m in Sources */ = {isa = PBXBuildFile; fileRef = D3CF962915B5BEB70041FE53 /* CCSelectableItem.m */; };
		E60512721627749800D6140A /* CCItemsScroller.m in Sources */ = {isa = PBXBuildFile; fileRef = D3CF962715B5BEB70041FE53 /* CCItemsScroller.m */; };
		E60512731627749800D6140A /* CCSelectableItem.m in Sources */ = {isa = PBXBuildFile; fileRef = D3CF962915B5BEB70041FE53 /* CCSelectableItem.m */; };
/* End PBXBuildFile section */

/* Begin PBXFileReference section */
		D3CF948615B5BE140041FE53 /* CCItemsScrollerTest.app */ = {isa = PBXFileReference; explicitFileType = wrapper.application; includeInIndex = 0; path = CCItemsScrollerTest.app; sourceTree = BUILT_PRODUCTS_DIR; };
		D3CF948A15B5BE140041FE53 /* QuartzCore.framework */ = {isa = PBXFileReference; lastKnownFileType = wrapper.framework; name = QuartzCore.framework; path = System/Library/Frameworks/QuartzCore.framework; sourceTree = SDKROOT; };
		D3CF948C15B5BE140041FE53 /* OpenGLES.framework */ = {isa = PBXFileReference; lastKnownFileType = wrapper.framework; name = OpenGLES.framework; path = System/Library/Frameworks/OpenGLES.framework; sourceTree = SDKROOT; };
		D3CF948E15B5BE140041FE53 /* OpenAL.framework */ = {isa = PBXFileReference; lastKnownFileType = wrapper.framework; name = OpenAL.framework; path = System/Library/Frameworks/OpenAL.framework; sourceTree = SDKROOT; };
		D3CF949015B5BE140041FE53 /* AudioToolbox.framework */ = {isa = PBXFileReference; lastKnownFileType = wrapper.framework; name = AudioToolbox.framework; path = System/Library/Frameworks/AudioToolbox.framework; sourceTree = SDKROOT; };
		D3CF949215B5BE140041FE53 /* AVFoundation.framework */ = {isa = PBXFileReference; lastKnownFileType = wrapper.framework; name = AVFoundation.framework; path = System/Library/Frameworks/AVFoundation.framework; sourceTree = SDKROOT; };
		D3CF949415B5BE140041FE53 /* UIKit.framework */ = {isa = PBXFileReference; lastKnownFileType = wrapper.framework; name = UIKit.framework; path = System/Library/Frameworks/UIKit.framework; sourceTree = SDKROOT; };
		D3CF949615B5BE140041FE53 /* Foundation.framework */ = {isa = PBXFileReference; lastKnownFileType = wrapper.framework; name = Foundation.framework; path = System/Library/Frameworks/Foundation.framework; sourceTree = SDKROOT; };
		D3CF949815B5BE140041FE53 /* CoreGraphics.framework */ = {isa = PBXFileReference; lastKnownFileType = wrapper.framework; name = CoreGraphics.framework; path = System/Library/Frameworks/CoreGraphics.framework; sourceTree = SDKROOT; };
		D3CF949A15B5BE140041FE53 /* GameKit.framework */ = {isa = PBXFileReference; lastKnownFileType = wrapper.framework; name = GameKit.framework; path = System/Library/Frameworks/GameKit.framework; sourceTree = SDKROOT; };
		D3CF949E15B5BE140041FE53 /* Default.png */ = {isa = PBXFileReference; lastKnownFileType = image.png; name = Default.png; path = Resources/Default.png; sourceTree = "<group>"; };
		D3CF94A015B5BE140041FE53 /* Default-Landscape~ipad.png */ = {isa = PBXFileReference; lastKnownFileType = image.png; name = "Default-Landscape~ipad.png"; path = "Resources/Default-Landscape~ipad.png"; sourceTree = "<group>"; };
		D3CF94A215B5BE140041FE53 /* fps_images.png */ = {isa = PBXFileReference; lastKnownFileType = image.png; name = fps_images.png; path = Resources/fps_images.png; sourceTree = "<group>"; };
		D3CF94A415B5BE140041FE53 /* fps_images-hd.png */ = {isa = PBXFileReference; lastKnownFileType = image.png; name = "fps_images-hd.png"; path = "Resources/fps_images-hd.png"; sourceTree = "<group>"; };
		D3CF94A615B5BE140041FE53 /* fps_images-ipadhd.png */ = {isa = PBXFileReference; lastKnownFileType = image.png; name = "fps_images-ipadhd.png"; path = "Resources/fps_images-ipadhd.png"; sourceTree = "<group>"; };
		D3CF94A815B5BE140041FE53 /* Icon-72.png */ = {isa = PBXFileReference; lastKnownFileType = image.png; name = "Icon-72.png"; path = "Resources/Icon-72.png"; sourceTree = "<group>"; };
		D3CF94AA15B5BE140041FE53 /* Icon-Small-50.png */ = {isa = PBXFileReference; lastKnownFileType = image.png; name = "Icon-Small-50.png"; path = "Resources/Icon-Small-50.png"; sourceTree = "<group>"; };
		D3CF94AC15B5BE140041FE53 /* Icon-Small.png */ = {isa = PBXFileReference; lastKnownFileType = image.png; name = "Icon-Small.png"; path = "Resources/Icon-Small.png"; sourceTree = "<group>"; };
		D3CF94AE15B5BE140041FE53 /* Icon-Small@2x.png */ = {isa = PBXFileReference; lastKnownFileType = image.png; name = "Icon-Small@2x.png"; path = "Resources/Icon-Small@2x.png"; sourceTree = "<group>"; };
		D3CF94B015B5BE140041FE53 /* Icon.png */ = {isa = PBXFileReference; lastKnownFileType = image.png; name = Icon.png; path = Resources/Icon.png; sourceTree = "<group>"; };
		D3CF94B215B5BE140041FE53 /* Icon@2x.png */ = {isa = PBXFileReference; lastKnownFileType = image.png; name = "Icon@2x.png"; path = "Resources/Icon@2x.png"; sourceTree = "<group>"; };
		D3CF94B415B5BE140041FE53 /* Info.plist */ = {isa = PBXFileReference; lastKnownFileType = text.plist.xml; name = Info.plist; path = Resources/Info.plist; sourceTree = "<group>"; };
		D3CF94B515B5BE140041FE53 /* iTunesArtwork */ = {isa = PBXFileReference; lastKnownFileType = file; name = iTunesArtwork; path = Resources/iTunesArtwork; sourceTree = "<group>"; };
		D3CF961115B5BE170041FE53 /* Prefix.pch */ = {isa = PBXFileReference; lastKnownFileType = sourcecode.c.h; path = Prefix.pch; sourceTree = "<group>"; };
		D3CF961215B5BE170041FE53 /* main.m */ = {isa = PBXFileReference; lastKnownFileType = sourcecode.c.objc; path = main.m; sourceTree = "<group>"; };
		D3CF961415B5BE170041FE53 /* AppDelegate.h */ = {isa = PBXFileReference; lastKnownFileType = sourcecode.c.h; path = AppDelegate.h; sourceTree = "<group>"; };
		D3CF961515B5BE170041FE53 /* AppDelegate.m */ = {isa = PBXFileReference; lastKnownFileType = sourcecode.c.objc; path = AppDelegate.m; sourceTree = "<group>"; };
		D3CF961A15B5BE170041FE53 /* IntroLayer.h */ = {isa = PBXFileReference; lastKnownFileType = sourcecode.c.h; path = IntroLayer.h; sourceTree = "<group>"; };
		D3CF961B15B5BE170041FE53 /* IntroLayer.m */ = {isa = PBXFileReference; lastKnownFileType = sourcecode.c.objc; path = IntroLayer.m; sourceTree = "<group>"; };
		D3CF962215B5BEB70041FE53 /* bullet1-hd.png */ = {isa = PBXFileReference; lastKnownFileType = image.png; path = "bullet1-hd.png"; sourceTree = "<group>"; };
		D3CF962315B5BEB70041FE53 /* bullet1.png */ = {isa = PBXFileReference; lastKnownFileType = image.png; path = bullet1.png; sourceTree = "<group>"; };
		D3CF962415B5BEB70041FE53 /* bullet2-hd.png */ = {isa = PBXFileReference; lastKnownFileType = image.png; path = "bullet2-hd.png"; sourceTree = "<group>"; };
		D3CF962515B5BEB70041FE53 /* bullet2.png */ = {isa = PBXFileReference; lastKnownFileType = image.png; path = bullet2.png; sourceTree = "<group>"; };
		D3CF962615B5BEB70041FE53 /* CCItemsScroller.h */ = {isa = PBXFileReference; fileEncoding = 4; lastKnownFileType = sourcecode.c.h; path = CCItemsScroller.h; sourceTree = "<group>"; };
		D3CF962715B5BEB70041FE53 /* CCItemsScroller.m */ = {isa = PBXFileReference; fileEncoding = 4; lastKnownFileType = sourcecode.c.objc; path = CCItemsScroller.m; sourceTree = "<group>"; };
		D3CF962815B5BEB70041FE53 /* CCSelectableItem.h */ = {isa = PBXFileReference; fileEncoding = 4; lastKnownFileType = sourcecode.c.h; path = CCSelectableItem.h; sourceTree = "<group>"; };
		D3CF962915B5BEB70041FE53 /* CCSelectableItem.m */ = {isa = PBXFileReference; fileEncoding = 4; lastKnownFileType = sourcecode.c.objc; path = CCSelectableItem.m; sourceTree = "<group>"; };
		D3CF962A15B5BEB70041FE53 /* HelloWorldLayer.h */ = {isa = PBXFileReference; fileEncoding = 4; lastKnownFileType = sourcecode.c.h; path = HelloWorldLayer.h; sourceTree = "<group>"; };
		D3CF962B15B5BEB70041FE53 /* HelloWorldLayer.m */ = {isa = PBXFileReference; fileEncoding = 4; lastKnownFileType = sourcecode.c.objc; path = HelloWorldLayer.m; sourceTree = "<group>"; };
		E60511A5162713DE00D6140A /* CCItemsScrollerTestMac.app */ = {isa = PBXFileReference; explicitFileType = wrapper.application; includeInIndex = 0; path = CCItemsScrollerTestMac.app; sourceTree = BUILT_PRODUCTS_DIR; };
		E60511CE162714E400D6140A /* InfoPlist.strings */ = {isa = PBXFileReference; fileEncoding = 4; lastKnownFileType = text.plist.strings; path = InfoPlist.strings; sourceTree = "<group>"; };
		E60511DB16271A5C00D6140A /* AppKit.framework */ = {isa = PBXFileReference; lastKnownFileType = wrapper.framework; name = AppKit.framework; path = Platforms/MacOSX.platform/Developer/SDKs/MacOSX10.8.sdk/System/Library/Frameworks/AppKit.framework; sourceTree = DEVELOPER_DIR; };
		E60511DC16271A5C00D6140A /* Cocoa.framework */ = {isa = PBXFileReference; lastKnownFileType = wrapper.framework; name = Cocoa.framework; path = Platforms/MacOSX.platform/Developer/SDKs/MacOSX10.8.sdk/System/Library/Frameworks/Cocoa.framework; sourceTree = DEVELOPER_DIR; };
		E60511DD16271A5C00D6140A /* CoreAudio.framework */ = {isa = PBXFileReference; lastKnownFileType = wrapper.framework; name = CoreAudio.framework; path = Platforms/MacOSX.platform/Developer/SDKs/MacOSX10.8.sdk/System/Library/Frameworks/CoreAudio.framework; sourceTree = DEVELOPER_DIR; };
		E60511DE16271A5C00D6140A /* CoreFoundation.framework */ = {isa = PBXFileReference; lastKnownFileType = wrapper.framework; name = CoreFoundation.framework; path = Platforms/MacOSX.platform/Developer/SDKs/MacOSX10.8.sdk/System/Library/Frameworks/CoreFoundation.framework; sourceTree = DEVELOPER_DIR; };
		E60511DF16271A5C00D6140A /* CoreGraphics.framework */ = {isa = PBXFileReference; lastKnownFileType = wrapper.framework; name = CoreGraphics.framework; path = Platforms/MacOSX.platform/Developer/SDKs/MacOSX10.8.sdk/System/Library/Frameworks/CoreGraphics.framework; sourceTree = DEVELOPER_DIR; };
		E60511E016271A5C00D6140A /* EventKit.framework */ = {isa = PBXFileReference; lastKnownFileType = wrapper.framework; name = EventKit.framework; path = Platforms/MacOSX.platform/Developer/SDKs/MacOSX10.8.sdk/System/Library/Frameworks/EventKit.framework; sourceTree = DEVELOPER_DIR; };
		E60511E116271A5C00D6140A /* Foundation.framework */ = {isa = PBXFileReference; lastKnownFileType = wrapper.framework; name = Foundation.framework; path = Platforms/MacOSX.platform/Developer/SDKs/MacOSX10.8.sdk/System/Library/Frameworks/Foundation.framework; sourceTree = DEVELOPER_DIR; };
		E60511E216271A5C00D6140A /* libz.dylib */ = {isa = PBXFileReference; lastKnownFileType = "compiled.mach-o.dylib"; name = libz.dylib; path = Platforms/MacOSX.platform/Developer/SDKs/MacOSX10.8.sdk/usr/lib/libz.dylib; sourceTree = DEVELOPER_DIR; };
		E60511E316271A5C00D6140A /* OpenAL.framework */ = {isa = PBXFileReference; lastKnownFileType = wrapper.framework; name = OpenAL.framework; path = Platforms/MacOSX.platform/Developer/SDKs/MacOSX10.8.sdk/System/Library/Frameworks/OpenAL.framework; sourceTree = DEVELOPER_DIR; };
		E60511E416271A5C00D6140A /* OpenGL.framework */ = {isa = PBXFileReference; lastKnownFileType = wrapper.framework; name = OpenGL.framework; path = Platforms/MacOSX.platform/Developer/SDKs/MacOSX10.8.sdk/System/Library/Frameworks/OpenGL.framework; sourceTree = DEVELOPER_DIR; };
		E60511E516271A5C00D6140A /* QuartzCore.framework */ = {isa = PBXFileReference; lastKnownFileType = wrapper.framework; name = QuartzCore.framework; path = Platforms/MacOSX.platform/Developer/SDKs/MacOSX10.8.sdk/System/Library/Frameworks/QuartzCore.framework; sourceTree = DEVELOPER_DIR; };
		E60511E616271A5C00D6140A /* Security.framework */ = {isa = PBXFileReference; lastKnownFileType = wrapper.framework; name = Security.framework; path = Platforms/MacOSX.platform/Developer/SDKs/MacOSX10.8.sdk/System/Library/Frameworks/Security.framework; sourceTree = DEVELOPER_DIR; };
		E60511F316271A9900D6140A /* Info.plist */ = {isa = PBXFileReference; fileEncoding = 4; lastKnownFileType = text.plist.xml; path = Info.plist; sourceTree = "<group>"; };
		E60511FA16271C7D00D6140A /* libCCItemsScroller.a */ = {isa = PBXFileReference; explicitFileType = archive.ar; includeInIndex = 0; path = libCCItemsScroller.a; sourceTree = BUILT_PRODUCTS_DIR; };
		E60511FE16271C7D00D6140A /* CCItemsScroller-Prefix.pch */ = {isa = PBXFileReference; lastKnownFileType = sourcecode.c.h; name = "CCItemsScroller-Prefix.pch"; path = "../CCItemsScroller/CCItemsScroller-Prefix.pch"; sourceTree = "<group>"; };
		E605120A16271C9600D6140A /* libCCItemsScroller_script.a */ = {isa = PBXFileReference; explicitFileType = archive.ar; includeInIndex = 0; path = libCCItemsScroller_script.a; sourceTree = BUILT_PRODUCTS_DIR; };
		E605121A16271CA900D6140A /* libCCItemsScrollerMac.a */ = {isa = PBXFileReference; explicitFileType = archive.ar; includeInIndex = 0; path = libCCItemsScrollerMac.a; sourceTree = BUILT_PRODUCTS_DIR; };
		E605121E16271CA900D6140A /* CCItemsScrollerMac-Prefix.pch */ = {isa = PBXFileReference; lastKnownFileType = sourcecode.c.h; name = "CCItemsScrollerMac-Prefix.pch"; path = "../CCItemsScrollerMac/CCItemsScrollerMac-Prefix.pch"; sourceTree = "<group>"; };
		E605122916271CC000D6140A /* libCCItemsScrollerMac_script.a */ = {isa = PBXFileReference; explicitFileType = archive.ar; includeInIndex = 0; path = libCCItemsScrollerMac_script.a; sourceTree = BUILT_PRODUCTS_DIR; };
		E605123F1627210700D6140A /* AudioUnit.framework */ = {isa = PBXFileReference; lastKnownFileType = wrapper.framework; name = AudioUnit.framework; path = System/Library/Frameworks/AudioUnit.framework; sourceTree = SDKROOT; };
		E60512401627210800D6140A /* CFNetwork.framework */ = {isa = PBXFileReference; lastKnownFileType = wrapper.framework; name = CFNetwork.framework; path = System/Library/Frameworks/CFNetwork.framework; sourceTree = SDKROOT; };
		E60512411627210800D6140A /* CoreMIDI.framework */ = {isa = PBXFileReference; lastKnownFileType = wrapper.framework; name = CoreMIDI.framework; path = System/Library/Frameworks/CoreMIDI.framework; sourceTree = SDKROOT; };
		E60512421627210800D6140A /* CoreVideo.framework */ = {isa = PBXFileReference; lastKnownFileType = wrapper.framework; name = CoreVideo.framework; path = System/Library/Frameworks/CoreVideo.framework; sourceTree = SDKROOT; };
		E60512471627213E00D6140A /* AudioToolbox.framework */ = {isa = PBXFileReference; lastKnownFileType = wrapper.framework; name = AudioToolbox.framework; path = Platforms/MacOSX.platform/Developer/SDKs/MacOSX10.8.sdk/System/Library/Frameworks/AudioToolbox.framework; sourceTree = DEVELOPER_DIR; };
		E60512481627213E00D6140A /* AudioUnit.framework */ = {isa = PBXFileReference; lastKnownFileType = wrapper.framework; name = AudioUnit.framework; path = Platforms/MacOSX.platform/Developer/SDKs/MacOSX10.8.sdk/System/Library/Frameworks/AudioUnit.framework; sourceTree = DEVELOPER_DIR; };
		E60512491627213F00D6140A /* AudioVideoBridging.framework */ = {isa = PBXFileReference; lastKnownFileType = wrapper.framework; name = AudioVideoBridging.framework; path = Platforms/MacOSX.platform/Developer/SDKs/MacOSX10.8.sdk/System/Library/Frameworks/AudioVideoBridging.framework; sourceTree = DEVELOPER_DIR; };
		E605124A1627213F00D6140A /* AVFoundation.framework */ = {isa = PBXFileReference; lastKnownFileType = wrapper.framework; name = AVFoundation.framework; path = Platforms/MacOSX.platform/Developer/SDKs/MacOSX10.8.sdk/System/Library/Frameworks/AVFoundation.framework; sourceTree = DEVELOPER_DIR; };
		E605124F1627216900D6140A /* Quartz.framework */ = {isa = PBXFileReference; lastKnownFileType = wrapper.framework; name = Quartz.framework; path = Platforms/MacOSX.platform/Developer/SDKs/MacOSX10.8.sdk/System/Library/Frameworks/Quartz.framework; sourceTree = DEVELOPER_DIR; };
		E60512531627231300D6140A /* GLKit.framework */ = {isa = PBXFileReference; lastKnownFileType = wrapper.framework; name = GLKit.framework; path = Platforms/MacOSX.platform/Developer/SDKs/MacOSX10.8.sdk/System/Library/Frameworks/GLKit.framework; sourceTree = DEVELOPER_DIR; };
		E605126216272C3C00D6140A /* MainMenu.xib */ = {isa = PBXFileReference; fileEncoding = 4; lastKnownFileType = file.xib; path = MainMenu.xib; sourceTree = "<group>"; };
		E6C685401626DD5300B942EA /* Cocoa.framework */ = {isa = PBXFileReference; lastKnownFileType = wrapper.framework; name = Cocoa.framework; path = Library/Frameworks/Cocoa.framework; sourceTree = DEVELOPER_DIR; };
		E6C685431626DD5300B942EA /* AppKit.framework */ = {isa = PBXFileReference; lastKnownFileType = wrapper.framework; name = AppKit.framework; path = Library/Frameworks/AppKit.framework; sourceTree = SDKROOT; };
		E6C685441626DD5300B942EA /* CoreData.framework */ = {isa = PBXFileReference; lastKnownFileType = wrapper.framework; name = CoreData.framework; path = Library/Frameworks/CoreData.framework; sourceTree = SDKROOT; };
		E6C685451626DD5300B942EA /* Foundation.framework */ = {isa = PBXFileReference; lastKnownFileType = wrapper.framework; name = Foundation.framework; path = Library/Frameworks/Foundation.framework; sourceTree = SDKROOT; };
/* End PBXFileReference section */

/* Begin PBXFrameworksBuildPhase section */
		D3CF948315B5BE140041FE53 /* Frameworks */ = {
			isa = PBXFrameworksBuildPhase;
			buildActionMask = 2147483647;
			files = (
				E60512441627210800D6140A /* CFNetwork.framework in Frameworks */,
				E60512451627210800D6140A /* CoreMIDI.framework in Frameworks */,
				E60512461627210800D6140A /* CoreVideo.framework in Frameworks */,
				D3CF949115B5BE140041FE53 /* AudioToolbox.framework in Frameworks */,
				D3CF949315B5BE140041FE53 /* AVFoundation.framework in Frameworks */,
				D3CF948B15B5BE140041FE53 /* QuartzCore.framework in Frameworks */,
				D3CF948D15B5BE140041FE53 /* OpenGLES.framework in Frameworks */,
				D3CF948F15B5BE140041FE53 /* OpenAL.framework in Frameworks */,
				D3CF949515B5BE140041FE53 /* UIKit.framework in Frameworks */,
				D3CF949715B5BE140041FE53 /* Foundation.framework in Frameworks */,
				D3CF949915B5BE140041FE53 /* CoreGraphics.framework in Frameworks */,
				D3CF949B15B5BE140041FE53 /* GameKit.framework in Frameworks */,
			);
			runOnlyForDeploymentPostprocessing = 0;
		};
		E60511A2162713DE00D6140A /* Frameworks */ = {
			isa = PBXFrameworksBuildPhase;
			buildActionMask = 2147483647;
			files = (
				E60512551627280100D6140A /* AppKit.framework in Frameworks */,
				E60512581627280100D6140A /* Cocoa.framework in Frameworks */,
				E605125B1627280100D6140A /* OpenAL.framework in Frameworks */,
				E605125C1627280100D6140A /* OpenGL.framework in Frameworks */,
				E605125D1627280100D6140A /* QuartzCore.framework in Frameworks */,
			);
			runOnlyForDeploymentPostprocessing = 0;
		};
/* End PBXFrameworksBuildPhase section */

/* Begin PBXGroup section */
		D3CF947B15B5BE130041FE53 = {
			isa = PBXGroup;
			children = (
				E60512531627231300D6140A /* GLKit.framework */,
				E605124F1627216900D6140A /* Quartz.framework */,
				E60512471627213E00D6140A /* AudioToolbox.framework */,
				E60512481627213E00D6140A /* AudioUnit.framework */,
				E60512491627213F00D6140A /* AudioVideoBridging.framework */,
				E605124A1627213F00D6140A /* AVFoundation.framework */,
				E605123F1627210700D6140A /* AudioUnit.framework */,
				E60512401627210800D6140A /* CFNetwork.framework */,
				E60512411627210800D6140A /* CoreMIDI.framework */,
				E60512421627210800D6140A /* CoreVideo.framework */,
				E60511DB16271A5C00D6140A /* AppKit.framework */,
				E60511DC16271A5C00D6140A /* Cocoa.framework */,
				E60511DD16271A5C00D6140A /* CoreAudio.framework */,
				E60511DE16271A5C00D6140A /* CoreFoundation.framework */,
				E60511DF16271A5C00D6140A /* CoreGraphics.framework */,
				E60511E016271A5C00D6140A /* EventKit.framework */,
				E60511E116271A5C00D6140A /* Foundation.framework */,
				E60511E216271A5C00D6140A /* libz.dylib */,
				E60511E316271A5C00D6140A /* OpenAL.framework */,
				E60511E416271A5C00D6140A /* OpenGL.framework */,
				E60511E516271A5C00D6140A /* QuartzCore.framework */,
				E60511E616271A5C00D6140A /* Security.framework */,
				D3CF949C15B5BE140041FE53 /* CCItemsScrollerTest */,
				D3CF948915B5BE140041FE53 /* Frameworks */,
				D3CF948715B5BE140041FE53 /* Products */,
			);
			sourceTree = "<group>";
		};
		D3CF948715B5BE140041FE53 /* Products */ = {
			isa = PBXGroup;
			children = (
				D3CF948615B5BE140041FE53 /* CCItemsScrollerTest.app */,
				E60511A5162713DE00D6140A /* CCItemsScrollerTestMac.app */,
				E60511FA16271C7D00D6140A /* libCCItemsScroller.a */,
				E605120A16271C9600D6140A /* libCCItemsScroller_script.a */,
				E605121A16271CA900D6140A /* libCCItemsScrollerMac.a */,
				E605122916271CC000D6140A /* libCCItemsScrollerMac_script.a */,
			);
			name = Products;
			sourceTree = "<group>";
		};
		D3CF948915B5BE140041FE53 /* Frameworks */ = {
			isa = PBXGroup;
			children = (
				D3CF948A15B5BE140041FE53 /* QuartzCore.framework */,
				D3CF948C15B5BE140041FE53 /* OpenGLES.framework */,
				D3CF948E15B5BE140041FE53 /* OpenAL.framework */,
				D3CF949015B5BE140041FE53 /* AudioToolbox.framework */,
				D3CF949215B5BE140041FE53 /* AVFoundation.framework */,
				D3CF949415B5BE140041FE53 /* UIKit.framework */,
				D3CF949615B5BE140041FE53 /* Foundation.framework */,
				D3CF949815B5BE140041FE53 /* CoreGraphics.framework */,
				D3CF949A15B5BE140041FE53 /* GameKit.framework */,
				E6C685401626DD5300B942EA /* Cocoa.framework */,
				E6C685421626DD5300B942EA /* Other Frameworks */,
			);
			name = Frameworks;
			sourceTree = "<group>";
		};
		D3CF949C15B5BE140041FE53 /* CCItemsScrollerTest */ = {
			isa = PBXGroup;
			children = (
				D3CF962215B5BEB70041FE53 /* bullet1-hd.png */,
				D3CF962315B5BEB70041FE53 /* bullet1.png */,
				D3CF962415B5BEB70041FE53 /* bullet2-hd.png */,
				D3CF962515B5BEB70041FE53 /* bullet2.png */,
				D3CF962615B5BEB70041FE53 /* CCItemsScroller.h */,
				D3CF962715B5BEB70041FE53 /* CCItemsScroller.m */,
				D3CF962815B5BEB70041FE53 /* CCSelectableItem.h */,
				D3CF962915B5BEB70041FE53 /* CCSelectableItem.m */,
				D3CF962A15B5BEB70041FE53 /* HelloWorldLayer.h */,
				D3CF962B15B5BEB70041FE53 /* HelloWorldLayer.m */,
				D3CF961415B5BE170041FE53 /* AppDelegate.h */,
				D3CF961515B5BE170041FE53 /* AppDelegate.m */,
				D3CF961A15B5BE170041FE53 /* IntroLayer.h */,
				D3CF961B15B5BE170041FE53 /* IntroLayer.m */,
				D3CF949D15B5BE140041FE53 /* Resources */,
				D3CF961015B5BE170041FE53 /* Supporting Files */,
			);
			path = CCItemsScrollerTest;
			sourceTree = "<group>";
		};
		D3CF949D15B5BE140041FE53 /* Resources */ = {
			isa = PBXGroup;
			children = (
				D3CF949E15B5BE140041FE53 /* Default.png */,
				D3CF94A015B5BE140041FE53 /* Default-Landscape~ipad.png */,
				D3CF94A215B5BE140041FE53 /* fps_images.png */,
				D3CF94A415B5BE140041FE53 /* fps_images-hd.png */,
				E60511F316271A9900D6140A /* Info.plist */,
				D3CF94A615B5BE140041FE53 /* fps_images-ipadhd.png */,
				D3CF94A815B5BE140041FE53 /* Icon-72.png */,
				D3CF94AA15B5BE140041FE53 /* Icon-Small-50.png */,
				D3CF94AC15B5BE140041FE53 /* Icon-Small.png */,
				D3CF94AE15B5BE140041FE53 /* Icon-Small@2x.png */,
				D3CF94B015B5BE140041FE53 /* Icon.png */,
				D3CF94B215B5BE140041FE53 /* Icon@2x.png */,
				D3CF94B415B5BE140041FE53 /* Info.plist */,
				D3CF94B515B5BE140041FE53 /* iTunesArtwork */,
				E60511CE162714E400D6140A /* InfoPlist.strings */,
				E605126216272C3C00D6140A /* MainMenu.xib */,
			);
			name = Resources;
			sourceTree = "<group>";
		};
		D3CF961015B5BE170041FE53 /* Supporting Files */ = {
			isa = PBXGroup;
			children = (
				E605121E16271CA900D6140A /* CCItemsScrollerMac-Prefix.pch */,
				E60511FE16271C7D00D6140A /* CCItemsScroller-Prefix.pch */,
				D3CF961115B5BE170041FE53 /* Prefix.pch */,
				D3CF961215B5BE170041FE53 /* main.m */,
			);
			name = "Supporting Files";
			sourceTree = "<group>";
		};
		E6C685421626DD5300B942EA /* Other Frameworks */ = {
			isa = PBXGroup;
			children = (
				E6C685431626DD5300B942EA /* AppKit.framework */,
				E6C685441626DD5300B942EA /* CoreData.framework */,
				E6C685451626DD5300B942EA /* Foundation.framework */,
			);
			name = "Other Frameworks";
			sourceTree = "<group>";
		};
/* End PBXGroup section */

/* Begin PBXHeadersBuildPhase section */
		E605121816271CA900D6140A /* Headers */ = {
			isa = PBXHeadersBuildPhase;
			buildActionMask = 2147483647;
			files = (
				E605123916271D9000D6140A /* CCItemsScroller.h in Headers */,
				E605123A16271D9000D6140A /* CCSelectableItem.h in Headers */,
			);
			runOnlyForDeploymentPostprocessing = 0;
		};
		E605123616271CFC00D6140A /* Headers */ = {
			isa = PBXHeadersBuildPhase;
			buildActionMask = 2147483647;
			files = (
				E605123D16271DB500D6140A /* CCItemsScroller.h in Headers */,
				E605123E16271DB500D6140A /* CCSelectableItem.h in Headers */,
			);
			runOnlyForDeploymentPostprocessing = 0;
		};
/* End PBXHeadersBuildPhase section */

/* Begin PBXNativeTarget section */
		D3CF948515B5BE140041FE53 /* CCItemsScrollerTest */ = {
			isa = PBXNativeTarget;
			buildConfigurationList = D3CF961F15B5BE170041FE53 /* Build configuration list for PBXNativeTarget "CCItemsScrollerTest" */;
			buildPhases = (
				D3CF948215B5BE140041FE53 /* Sources */,
				D3CF948315B5BE140041FE53 /* Frameworks */,
				D3CF948415B5BE140041FE53 /* Resources */,
			);
			buildRules = (
			);
			dependencies = (
			);
			name = CCItemsScrollerTest;
			productName = CCItemsScrollerTest;
			productReference = D3CF948615B5BE140041FE53 /* CCItemsScrollerTest.app */;
			productType = "com.apple.product-type.application";
		};
		E60511A4162713DE00D6140A /* CCItemsScrollerTestMac */ = {
			isa = PBXNativeTarget;
			buildConfigurationList = E60511BA162713DE00D6140A /* Build configuration list for PBXNativeTarget "CCItemsScrollerTestMac" */;
			buildPhases = (
				E60511A1162713DE00D6140A /* Sources */,
				E60511A2162713DE00D6140A /* Frameworks */,
				E60511A3162713DE00D6140A /* Resources */,
			);
			buildRules = (
			);
			dependencies = (
			);
			name = CCItemsScrollerTestMac;
			productName = CCItemsScrollerTestMac;
			productReference = E60511A5162713DE00D6140A /* CCItemsScrollerTestMac.app */;
			productType = "com.apple.product-type.application";
		};
		E60511F916271C7D00D6140A /* CCItemsScroller */ = {
			isa = PBXNativeTarget;
			buildConfigurationList = E605120316271C7D00D6140A /* Build configuration list for PBXNativeTarget "CCItemsScroller" */;
			buildPhases = (
				E605123616271CFC00D6140A /* Headers */,
				E60511F616271C7D00D6140A /* Sources */,
			);
			buildRules = (
			);
			dependencies = (
			);
			name = CCItemsScroller;
			productName = CCItemsScroller;
			productReference = E60511FA16271C7D00D6140A /* libCCItemsScroller.a */;
			productType = "com.apple.product-type.library.static";
		};
		E605120916271C9600D6140A /* CCItemsScroller_script */ = {
			isa = PBXNativeTarget;
			buildConfigurationList = E605121316271C9600D6140A /* Build configuration list for PBXNativeTarget "CCItemsScroller_script" */;
			buildPhases = (
				E605123416271CE300D6140A /* ShellScript */,
			);
			buildRules = (
			);
			dependencies = (
			);
			name = CCItemsScroller_script;
			productName = CCItemsScroller_script;
			productReference = E605120A16271C9600D6140A /* libCCItemsScroller_script.a */;
			productType = "com.apple.product-type.library.static";
		};
		E605121916271CA900D6140A /* CCItemsScrollerMac */ = {
			isa = PBXNativeTarget;
			buildConfigurationList = E605122216271CA900D6140A /* Build configuration list for PBXNativeTarget "CCItemsScrollerMac" */;
			buildPhases = (
				E605121816271CA900D6140A /* Headers */,
				E605121616271CA900D6140A /* Sources */,
			);
			buildRules = (
			);
			dependencies = (
			);
			name = CCItemsScrollerMac;
			productName = CCItemsScrollerMac;
			productReference = E605121A16271CA900D6140A /* libCCItemsScrollerMac.a */;
			productType = "com.apple.product-type.library.static";
		};
		E605122816271CC000D6140A /* CCItemsScrollerMac_script */ = {
			isa = PBXNativeTarget;
			buildConfigurationList = E605123116271CC000D6140A /* Build configuration list for PBXNativeTarget "CCItemsScrollerMac_script" */;
			buildPhases = (
				E605123516271CEF00D6140A /* ShellScript */,
			);
			buildRules = (
			);
			dependencies = (
			);
			name = CCItemsScrollerMac_script;
			productName = CCItemsScrollerMac_script;
			productReference = E605122916271CC000D6140A /* libCCItemsScrollerMac_script.a */;
			productType = "com.apple.product-type.library.static";
		};
/* End PBXNativeTarget section */

/* Begin PBXProject section */
		D3CF947D15B5BE130041FE53 /* Project object */ = {
			isa = PBXProject;
			attributes = {
				LastUpgradeCheck = 0450;
				ORGANIZATIONNAME = Apple;
			};
			buildConfigurationList = D3CF948015B5BE130041FE53 /* Build configuration list for PBXProject "CCItemsScrollerTest" */;
			compatibilityVersion = "Xcode 3.2";
			developmentRegion = English;
			hasScannedForEncodings = 0;
			knownRegions = (
				en,
			);
			mainGroup = D3CF947B15B5BE130041FE53;
			productRefGroup = D3CF948715B5BE140041FE53 /* Products */;
			projectDirPath = "";
			projectRoot = "";
			targets = (
				D3CF948515B5BE140041FE53 /* CCItemsScrollerTest */,
				E60511A4162713DE00D6140A /* CCItemsScrollerTestMac */,
				E60511F916271C7D00D6140A /* CCItemsScroller */,
				E605120916271C9600D6140A /* CCItemsScroller_script */,
				E605121916271CA900D6140A /* CCItemsScrollerMac */,
				E605122816271CC000D6140A /* CCItemsScrollerMac_script */,
			);
		};
/* End PBXProject section */

/* Begin PBXResourcesBuildPhase section */
		D3CF948415B5BE140041FE53 /* Resources */ = {
			isa = PBXResourcesBuildPhase;
			buildActionMask = 2147483647;
			files = (
				D3CF949F15B5BE140041FE53 /* Default.png in Resources */,
				D3CF94A115B5BE140041FE53 /* Default-Landscape~ipad.png in Resources */,
				D3CF94A315B5BE140041FE53 /* fps_images.png in Resources */,
				D3CF94A515B5BE140041FE53 /* fps_images-hd.png in Resources */,
				D3CF94A715B5BE140041FE53 /* fps_images-ipadhd.png in Resources */,
				D3CF94A915B5BE140041FE53 /* Icon-72.png in Resources */,
				D3CF94AB15B5BE140041FE53 /* Icon-Small-50.png in Resources */,
				D3CF94AD15B5BE140041FE53 /* Icon-Small.png in Resources */,
				D3CF94AF15B5BE140041FE53 /* Icon-Small@2x.png in Resources */,
				D3CF94B115B5BE140041FE53 /* Icon.png in Resources */,
				D3CF94B315B5BE140041FE53 /* Icon@2x.png in Resources */,
				D3CF94B615B5BE140041FE53 /* iTunesArtwork in Resources */,
				D3CF962C15B5BEB70041FE53 /* bullet1-hd.png in Resources */,
				D3CF962D15B5BEB70041FE53 /* bullet1.png in Resources */,
				D3CF962E15B5BEB70041FE53 /* bullet2-hd.png in Resources */,
				D3CF962F15B5BEB70041FE53 /* bullet2.png in Resources */,
				E605126316272C3C00D6140A /* MainMenu.xib in Resources */,
			);
			runOnlyForDeploymentPostprocessing = 0;
		};
		E60511A3162713DE00D6140A /* Resources */ = {
			isa = PBXResourcesBuildPhase;
			buildActionMask = 2147483647;
			files = (
				E60511BD1627149400D6140A /* Default.png in Resources */,
				E60511BE1627149400D6140A /* Default-Landscape~ipad.png in Resources */,
				E60511BF1627149400D6140A /* fps_images.png in Resources */,
				E60511C01627149400D6140A /* fps_images-hd.png in Resources */,
				E60511C11627149400D6140A /* fps_images-ipadhd.png in Resources */,
				E605126616272E4900D6140A /* bullet1-hd.png in Resources */,
				E605126716272E4900D6140A /* bullet1.png in Resources */,
				E605126816272E4900D6140A /* bullet2-hd.png in Resources */,
				E605126916272E4900D6140A /* bullet2.png in Resources */,
				E605126416272C3C00D6140A /* MainMenu.xib in Resources */,
				E60511C21627149400D6140A /* Icon-72.png in Resources */,
				E60511C31627149400D6140A /* Icon-Small-50.png in Resources */,
				E60511C41627149400D6140A /* Icon-Small.png in Resources */,
				E60511C51627149400D6140A /* Icon-Small@2x.png in Resources */,
				E60511C61627149400D6140A /* Icon.png in Resources */,
				E60511C71627149400D6140A /* Icon@2x.png in Resources */,
				E60511C91627149400D6140A /* iTunesArtwork in Resources */,
			);
			runOnlyForDeploymentPostprocessing = 0;
		};
/* End PBXResourcesBuildPhase section */

/* Begin PBXShellScriptBuildPhase section */
		E605123416271CE300D6140A /* ShellScript */ = {
			isa = PBXShellScriptBuildPhase;
			buildActionMask = 2147483647;
			files = (
			);
			inputPaths = (
			);
			outputPaths = (
			);
			runOnlyForDeploymentPostprocessing = 0;
			shellPath = /bin/sh;
			shellScript = "#!/bin/sh\n\nTARGET=\"CCItemsScroller\"\n#undefine the following line if you want to move and properly unpack the .zip files into the destination folder specified with DEST_DIR\nSCRIPT_OPTIONS=\"MOVE_FILE\"\n#DEST_DIR=\"${PROJECT_DIR}/../SharedLibs\"\nDEST_DIR=~/Programming/SharedLibs\n\nmkdir -p ~/Programming\nmkdir -p ~/Programming/SharedLibs\n\nGIT_REVISION=$(git describe --tags `git rev-list --tags --max-count=1`)\nif [ ! -z $GIT_REVISION ]; then\nLIB_VERSION=\"-Tag-$GIT_REVISION\"\nelse\nLIB_VERSION=\"-unversioned\"\nfi\n\nLIBRARY_NAME=\"lib$TARGET.a\"\nLIBRARY_OUT_NAME_RELATIVE=\"lib$TARGET${LIB_VERSION}.a\"\nLIBRARY_OUT_NAME=\"lib/$LIBRARY_OUT_NAME_RELATIVE\"\nLATEST_SDK_DEVICE=$(xcodebuild -showsdks | grep iphoneos | awk 'BEGIN{FS=\"\\t\";}{print $3}' | cut -d ' ' -f 2 | tail -n 1)\nLATEST_SDK_SIMULATOR=$(xcodebuild -showsdks | grep iphonesimulator | awk 'BEGIN{FS=\"\\t\";}{print $3}' | cut -d ' ' -f 2 | tail -n 1)\n\nlocal_build_root=\"${PROJECT_DIR}/build\"\nbuild_styles=\"Debug Release\"\n\nfor current_style in $build_styles; do\nLIBRARY_ARCHIVE=\"$TARGET${LIB_VERSION}-${current_style}.zip\"\n\nif [ $current_style = \"Debug\" ]; then\nLIBRARY_ARCHIVE=\"$TARGET-${current_style}.zip\"\nelse\nLIBRARY_ARCHIVE=\"$TARGET.zip\"\nfi\n\n# remove existing output file\nrm -rf ${PROJECT_DIR}/lib\nmkdir -p ${PROJECT_DIR}/lib\n\n# Build library for simulator\nxcodebuild clean -target $TARGET -configuration $current_style -sdk $LATEST_SDK_SIMULATOR\nxcodebuild -target $TARGET -configuration $current_style -sdk $LATEST_SDK_SIMULATOR build\n\n# Build library for device\nxcodebuild clean -target $TARGET -configuration $current_style -sdk $LATEST_SDK_DEVICE\nxcodebuild -target $TARGET -configuration $current_style -sdk $LATEST_SDK_DEVICE build\n\n# Glue together libraries\nlipo \"${local_build_root}/${current_style}-iphoneos/$LIBRARY_NAME\" -arch i386 \"${local_build_root}/${current_style}-iphonesimulator/$LIBRARY_NAME\" -create -output \"${PROJECT_DIR}/$LIBRARY_OUT_NAME\"\n\n# Create symlink\ncd lib\nln -s \"$LIBRARY_OUT_NAME_RELATIVE\" \"$LIBRARY_NAME\"\ncd ..\n\nrm -rf include\nmkdir -p include\ncd CCItemsScrollerTest\ncp *.h ../include/\nrm -f ../include/AppDelegate.h\nrm -f ../include/IntroLayer.h\nrm -f ../include/HelloWorldLayer.h\ncd ..\n\nif [ $? -eq 0 ]; then\nzip -R -y \"${PROJECT_DIR}/$LIBRARY_ARCHIVE\" \"lib/*.a\"\nzip -r -y \"${PROJECT_DIR}/$LIBRARY_ARCHIVE\" \"resources\" \"include\" -x@zip_exclude.lst\n#zip \"${PROJECT_DIR}/$LIBRARY_ARCHIVE\" .packageid\nfi\n\nrm -rf include\n\nif [ $SCRIPT_OPTIONS = \"MOVE_FILE\" ]; then\nBUILT_ZIP=\"${PROJECT_DIR}/$LIBRARY_ARCHIVE\"\nNEW_ZIP=\"$DEST_DIR/$LIBRARY_ARCHIVE\"\n\nif [ $current_style = \"Debug\" ]; then\nOLD_FOLDER=\"$DEST_DIR/$TARGET-${current_style}\"\nelse\nOLD_FOLDER=\"$DEST_DIR/$TARGET\"\nfi\nrm -rf $OLD_FOLDER\nmv $BUILT_ZIP \"$DEST_DIR/\"\nunzip -o $NEW_ZIP -d $OLD_FOLDER/\nrm -f $NEW_ZIP\nfi\n\ndone";
		};
		E605123516271CEF00D6140A /* ShellScript */ = {
			isa = PBXShellScriptBuildPhase;
			buildActionMask = 2147483647;
			files = (
			);
			inputPaths = (
			);
			outputPaths = (
			);
			runOnlyForDeploymentPostprocessing = 0;
			shellPath = /bin/sh;
			shellScript = "#!/bin/sh\n\nTARGET=\"CCItemsScrollerMac\"\n#undefine the following line if you want to move and properly unpack the .zip files into the destination folder specified with DEST_DIR\nSCRIPT_OPTIONS=\"MOVE_FILE\"\n#DEST_DIR=\"${PROJECT_DIR}/../SharedLibs\"\nDEST_DIR=~/Programming/SharedLibsMac\n\nmkdir -p ~/Programming\nmkdir -p ~/Programming/SharedLibsMac\n\nGIT_REVISION=$(git describe --tags `git rev-list --tags --max-count=1`)\nif [ ! -z $GIT_REVISION ]; then\nLIB_VERSION=\"-Tag-$GIT_REVISION\"\nelse\nLIB_VERSION=\"-unversioned\"\nfi\n\nLIBRARY_NAME=\"lib$TARGET.a\"\nLIBRARY_OUT_NAME_RELATIVE=\"lib$TARGET${LIB_VERSION}.a\"\nLIBRARY_OUT_NAME=\"lib/$LIBRARY_OUT_NAME_RELATIVE\"\nLATEST_SDK=$(xcodebuild -showsdks | grep macosx | awk 'BEGIN{FS=\"\\t\";}{print $3}' | cut -d ' ' -f 2 | tail -n 1)\n\n# remove existing build dir\nrm -rf ${PROJECT_DIR}/build\nmkdir -p ${PROJECT_DIR}/build\nlocal_build_root=\"${PROJECT_DIR}/build\"\nbuild_styles=\"Debug Release\"\n\nfor current_style in $build_styles; do\nLIBRARY_ARCHIVE=\"$TARGET${LIB_VERSION}-${current_style}.zip\"\n\nif [ $current_style = \"Debug\" ]; then\nLIBRARY_ARCHIVE=\"$TARGET-${current_style}.zip\"\nelse\nLIBRARY_ARCHIVE=\"$TARGET.zip\"\nfi\n\n# remove existing output file\nrm -rf ${PROJECT_DIR}/lib\nmkdir -p ${PROJECT_DIR}/lib\n\n# Build library for MacOS X\nxcodebuild clean -target $TARGET -configuration $current_style -sdk $LATEST_SDK\nxcodebuild -target $TARGET -configuration $current_style -sdk $LATEST_SDK build\n\n# Glue together libraries\nlipo \"${local_build_root}/${current_style}/$LIBRARY_NAME\" -create -output \"${PROJECT_DIR}/$LIBRARY_OUT_NAME\"\n\n# Create symlink\ncd lib\nln -s \"$LIBRARY_OUT_NAME_RELATIVE\" \"$LIBRARY_NAME\"\ncd ..\n\nrm -rf include\nmkdir -p include\ncd CCItemsScrollerTest\ncp *.h ../include/\nrm -f ../include/AppDelegate.h\nrm -f ../include/IntroLayer.h\nrm -f ../include/HelloWorldLayer.h\ncd ..\n\nif [ $? -eq 0 ]; then\nzip -R -y \"${PROJECT_DIR}/$LIBRARY_ARCHIVE\" \"lib/*.a\"\nzip -r -y \"${PROJECT_DIR}/$LIBRARY_ARCHIVE\" \"resources\" \"include\" -x@zip_exclude.lst\n#zip \"${PROJECT_DIR}/$LIBRARY_ARCHIVE\" .packageid\nfi\n\nrm -rf include\n\nif [ $SCRIPT_OPTIONS = \"MOVE_FILE\" ]; then\nBUILT_ZIP=\"${PROJECT_DIR}/$LIBRARY_ARCHIVE\"\nNEW_ZIP=\"$DEST_DIR/$LIBRARY_ARCHIVE\"\n\nif [ $current_style = \"Debug\" ]; then\nOLD_FOLDER=\"$DEST_DIR/$TARGET-${current_style}\"\nelse\nOLD_FOLDER=\"$DEST_DIR/$TARGET\"\nfi\nrm -rf $OLD_FOLDER\nmv $BUILT_ZIP \"$DEST_DIR/\"\nunzip -o $NEW_ZIP -d $OLD_FOLDER/\nrm -f $NEW_ZIP\nfi\n\ndone";
		};
/* End PBXShellScriptBuildPhase section */

/* Begin PBXSourcesBuildPhase section */
		D3CF948215B5BE140041FE53 /* Sources */ = {
			isa = PBXSourcesBuildPhase;
			buildActionMask = 2147483647;
			files = (
				E6051252162721E200D6140A /* IntroLayer.m in Sources */,
				D3CF961315B5BE170041FE53 /* main.m in Sources */,
				E60512721627749800D6140A /* CCItemsScroller.m in Sources */,
				E60512731627749800D6140A /* CCSelectableItem.m in Sources */,
				D3CF961615B5BE170041FE53 /* AppDelegate.m in Sources */,
				D3CF963215B5BEB70041FE53 /* HelloWorldLayer.m in Sources */,
			);
			runOnlyForDeploymentPostprocessing = 0;
		};
		E60511A1162713DE00D6140A /* Sources */ = {
			isa = PBXSourcesBuildPhase;
			buildActionMask = 2147483647;
			files = (
				E60511D41627151700D6140A /* HelloWorldLayer.m in Sources */,
				E60512701627749300D6140A /* CCItemsScroller.m in Sources */,
				E60512711627749300D6140A /* CCSelectableItem.m in Sources */,
				E60511D71627156000D6140A /* main.m in Sources */,
				E60511D51627151700D6140A /* AppDelegate.m in Sources */,
			);
			runOnlyForDeploymentPostprocessing = 0;
		};
		E60511F616271C7D00D6140A /* Sources */ = {
			isa = PBXSourcesBuildPhase;
			buildActionMask = 2147483647;
			files = (
				E605123716271D7A00D6140A /* CCItemsScroller.m in Sources */,
				E605123816271D7A00D6140A /* CCSelectableItem.m in Sources */,
			);
			runOnlyForDeploymentPostprocessing = 0;
		};
		E605121616271CA900D6140A /* Sources */ = {
			isa = PBXSourcesBuildPhase;
			buildActionMask = 2147483647;
			files = (
				E605123B16271D9E00D6140A /* CCItemsScroller.m in Sources */,
				E605123C16271D9E00D6140A /* CCSelectableItem.m in Sources */,
			);
			runOnlyForDeploymentPostprocessing = 0;
		};
/* End PBXSourcesBuildPhase section */

/* Begin XCBuildConfiguration section */
		D3CF961D15B5BE170041FE53 /* Debug */ = {
			isa = XCBuildConfiguration;
			buildSettings = {
				ARCHS = "$(ARCHS_STANDARD_32_BIT)";
				"CODE_SIGN_IDENTITY[sdk=iphoneos*]" = "iPhone Developer";
				GCC_C_LANGUAGE_STANDARD = gnu99;
				GCC_OPTIMIZATION_LEVEL = 0;
				GCC_PREPROCESSOR_DEFINITIONS = (
					DEBUG,
					"COCOS2D_DEBUG=1",
				);
				GCC_SYMBOLS_PRIVATE_EXTERN = NO;
				GCC_VERSION = com.apple.compilers.llvm.clang.1_0;
				GCC_WARN_ABOUT_RETURN_TYPE = YES;
				GCC_WARN_UNUSED_VARIABLE = YES;
				IPHONEOS_DEPLOYMENT_TARGET = 4.0;
				SDKROOT = iphoneos;
				TARGETED_DEVICE_FAMILY = "1,2";
			};
			name = Debug;
		};
		D3CF961E15B5BE170041FE53 /* Release */ = {
			isa = XCBuildConfiguration;
			buildSettings = {
				ARCHS = "$(ARCHS_STANDARD_32_BIT)";
				"CODE_SIGN_IDENTITY[sdk=iphoneos*]" = "iPhone Developer";
				GCC_C_LANGUAGE_STANDARD = gnu99;
				GCC_PREPROCESSOR_DEFINITIONS = (
					NDEBUG,
					"NS_BLOCK_ASSERTIONS=1",
				);
				GCC_VERSION = com.apple.compilers.llvm.clang.1_0;
				GCC_WARN_ABOUT_RETURN_TYPE = YES;
				GCC_WARN_UNUSED_VARIABLE = YES;
				IPHONEOS_DEPLOYMENT_TARGET = 4.0;
				SDKROOT = iphoneos;
				TARGETED_DEVICE_FAMILY = "1,2";
			};
			name = Release;
		};
		D3CF962015B5BE170041FE53 /* Debug */ = {
			isa = XCBuildConfiguration;
			buildSettings = {
				ALWAYS_SEARCH_USER_PATHS = NO;
				COPY_PHASE_STRIP = NO;
				GCC_DYNAMIC_NO_PIC = NO;
				GCC_PRECOMPILE_PREFIX_HEADER = YES;
				GCC_PREFIX_HEADER = CCItemsScrollerTest/Prefix.pch;
				HEADER_SEARCH_PATHS = "~/Programming/SharedLibs/Cocos/include/**";
				INFOPLIST_FILE = CCItemsScrollerTest/Resources/Info.plist;
				LIBRARY_SEARCH_PATHS = (
					"~/Programming/SharedLibs/Cocos/lib/**",
					"~/Programming/SharedLibs/CCItemsScroller/lib/**",
				);
				OTHER_LDFLAGS = (
					"-lz",
					"-lCocos",
				);
				PRODUCT_NAME = "$(TARGET_NAME)";
				USER_HEADER_SEARCH_PATHS = "~/Programming/SharedLibs/CCItemsScroller/include/**";
				WRAPPER_EXTENSION = app;
			};
			name = Debug;
		};
		D3CF962115B5BE170041FE53 /* Release */ = {
			isa = XCBuildConfiguration;
			buildSettings = {
				ALWAYS_SEARCH_USER_PATHS = NO;
				COPY_PHASE_STRIP = YES;
				GCC_PRECOMPILE_PREFIX_HEADER = YES;
				GCC_PREFIX_HEADER = CCItemsScrollerTest/Prefix.pch;
				HEADER_SEARCH_PATHS = "~/Programming/SharedLibs/Cocos/include/**";
				INFOPLIST_FILE = CCItemsScrollerTest/Resources/Info.plist;
				LIBRARY_SEARCH_PATHS = (
					"~/Programming/SharedLibs/Cocos/lib/**",
					"~/Programming/SharedLibs/CCItemsScroller/lib/**",
				);
				OTHER_LDFLAGS = (
					"-lz",
					"-lCocos",
				);
				PRODUCT_NAME = "$(TARGET_NAME)";
				USER_HEADER_SEARCH_PATHS = "~/Programming/SharedLibs/CCItemsScroller/include/**";
				VALIDATE_PRODUCT = YES;
				WRAPPER_EXTENSION = app;
			};
			name = Release;
		};
		E60511BB162713DE00D6140A /* Debug */ = {
			isa = XCBuildConfiguration;
			buildSettings = {
				ALWAYS_SEARCH_USER_PATHS = NO;
				ARCHS = "$(ARCHS_STANDARD_64_BIT)";
				CLANG_WARN_EMPTY_BODY = YES;
				CLANG_WARN__DUPLICATE_METHOD_MATCH = YES;
				COMBINE_HIDPI_IMAGES = YES;
				COPY_PHASE_STRIP = NO;
				FRAMEWORK_SEARCH_PATHS = (
					"$(inherited)",
					"\"$(SYSTEM_APPS_DIR)/Xcode.app/Contents/Developer/Library/Frameworks\"",
				);
				GCC_DYNAMIC_NO_PIC = NO;
				GCC_ENABLE_OBJC_EXCEPTIONS = YES;
				GCC_PRECOMPILE_PREFIX_HEADER = YES;
				GCC_PREFIX_HEADER = "CCItemsScrollerMac/CCItemsScrollerMac-Prefix.pch";
				GCC_PREPROCESSOR_DEFINITIONS = (
					"DEBUG=1",
					"$(inherited)",
				);
				GCC_WARN_64_TO_32_BIT_CONVERSION = YES;
				GCC_WARN_UNINITIALIZED_AUTOS = YES;
				HEADER_SEARCH_PATHS = "~/Programming/SharedLibsMac/CocosMac/include/**";
				INFOPLIST_FILE = "$(SRCROOT)/CCItemsScrollerTest/Info.plist";
				LIBRARY_SEARCH_PATHS = (
					"~/Programming/SharedLibsMac/CocosMac/lib/**",
					"~/Programming/SharedLibsMac/CCItemsScrollerMac/lib/**",
				);
				MACOSX_DEPLOYMENT_TARGET = 10.6;
				OTHER_LDFLAGS = (
					"-lCocosMac",
					"-lz",
				);
				PRODUCT_NAME = "$(TARGET_NAME)";
				SDKROOT = macosx;
				USER_HEADER_SEARCH_PATHS = "~/Programming/SharedLibsMac/CCItemsScrollerMac/include/**";
				VALID_ARCHS = x86_64;
				WRAPPER_EXTENSION = app;
			};
			name = Debug;
		};
		E60511BC162713DE00D6140A /* Release */ = {
			isa = XCBuildConfiguration;
			buildSettings = {
				ALWAYS_SEARCH_USER_PATHS = NO;
				ARCHS = "$(ARCHS_STANDARD_64_BIT)";
				CLANG_WARN_EMPTY_BODY = YES;
				CLANG_WARN__DUPLICATE_METHOD_MATCH = YES;
				COMBINE_HIDPI_IMAGES = YES;
				COPY_PHASE_STRIP = YES;
				DEBUG_INFORMATION_FORMAT = "dwarf-with-dsym";
				FRAMEWORK_SEARCH_PATHS = (
					"$(inherited)",
					"\"$(SYSTEM_APPS_DIR)/Xcode.app/Contents/Developer/Library/Frameworks\"",
				);
				GCC_ENABLE_OBJC_EXCEPTIONS = YES;
				GCC_PRECOMPILE_PREFIX_HEADER = YES;
				GCC_PREFIX_HEADER = "CCItemsScrollerMac/CCItemsScrollerMac-Prefix.pch";
				GCC_WARN_64_TO_32_BIT_CONVERSION = YES;
				GCC_WARN_UNINITIALIZED_AUTOS = YES;
				HEADER_SEARCH_PATHS = "~/Programming/SharedLibsMac/CocosMac/include/**";
				INFOPLIST_FILE = "$(SRCROOT)/CCItemsScrollerTest/Info.plist";
				LIBRARY_SEARCH_PATHS = (
					"~/Programming/SharedLibsMac/CocosMac/lib/**",
					"~/Programming/SharedLibsMac/CCItemsScrollerMac/lib/**",
				);
				MACOSX_DEPLOYMENT_TARGET = 10.6;
				OTHER_LDFLAGS = (
					"-lCocosMac",
					"-lz",
				);
				PRODUCT_NAME = "$(TARGET_NAME)";
				SDKROOT = macosx;
				USER_HEADER_SEARCH_PATHS = "~/Programming/SharedLibsMac/CCItemsScrollerMac/include/**";
				VALID_ARCHS = x86_64;
				WRAPPER_EXTENSION = app;
			};
			name = Release;
		};
		E605120416271C7D00D6140A /* Debug */ = {
			isa = XCBuildConfiguration;
			buildSettings = {
				ALWAYS_SEARCH_USER_PATHS = NO;
				CLANG_ENABLE_OBJC_ARC = YES;
				CLANG_WARN_EMPTY_BODY = YES;
				CLANG_WARN__DUPLICATE_METHOD_MATCH = YES;
				COPY_PHASE_STRIP = NO;
				DSTROOT = /tmp/CCItemsScroller.dst;
				GCC_DYNAMIC_NO_PIC = NO;
				GCC_PRECOMPILE_PREFIX_HEADER = YES;
				GCC_PREFIX_HEADER = "CCItemsScroller/CCItemsScroller-Prefix.pch";
				GCC_PREPROCESSOR_DEFINITIONS = (
					"DEBUG=1",
					"$(inherited)",
				);
				GCC_WARN_UNINITIALIZED_AUTOS = YES;
				HEADER_SEARCH_PATHS = "~/Programming/SharedLibs/Cocos/include/**";
				IPHONEOS_DEPLOYMENT_TARGET = 4.3;
				LIBRARY_SEARCH_PATHS = "~/Programming/SharedLibs/Cocos/lib/**";
				ONLY_ACTIVE_ARCH = YES;
				PRODUCT_NAME = "$(TARGET_NAME)";
				SKIP_INSTALL = YES;
			};
			name = Debug;
		};
		E605120516271C7D00D6140A /* Release */ = {
			isa = XCBuildConfiguration;
			buildSettings = {
				ALWAYS_SEARCH_USER_PATHS = NO;
				CLANG_ENABLE_OBJC_ARC = YES;
				CLANG_WARN_EMPTY_BODY = YES;
				CLANG_WARN__DUPLICATE_METHOD_MATCH = YES;
				COPY_PHASE_STRIP = YES;
				DSTROOT = /tmp/CCItemsScroller.dst;
				GCC_PRECOMPILE_PREFIX_HEADER = YES;
				GCC_PREFIX_HEADER = "CCItemsScroller/CCItemsScroller-Prefix.pch";
				GCC_WARN_UNINITIALIZED_AUTOS = YES;
				HEADER_SEARCH_PATHS = "~/Programming/SharedLibs/Cocos/include/**";
				IPHONEOS_DEPLOYMENT_TARGET = 4.3;
				LIBRARY_SEARCH_PATHS = "~/Programming/SharedLibs/Cocos/lib/**";
				PRODUCT_NAME = "$(TARGET_NAME)";
				SKIP_INSTALL = YES;
				VALIDATE_PRODUCT = YES;
			};
			name = Release;
		};
		E605121416271C9600D6140A /* Debug */ = {
			isa = XCBuildConfiguration;
			buildSettings = {
				ALWAYS_SEARCH_USER_PATHS = NO;
				CLANG_CXX_LANGUAGE_STANDARD = "gnu++0x";
				CLANG_CXX_LIBRARY = "libc++";
				CLANG_WARN_EMPTY_BODY = YES;
				CLANG_WARN__DUPLICATE_METHOD_MATCH = YES;
				COPY_PHASE_STRIP = NO;
				DSTROOT = /tmp/CCItemsScroller_script.dst;
				GCC_DYNAMIC_NO_PIC = NO;
				GCC_PRECOMPILE_PREFIX_HEADER = YES;
				GCC_PREFIX_HEADER = "CCItemsScroller_script/CCItemsScroller_script-Prefix.pch";
				GCC_PREPROCESSOR_DEFINITIONS = (
					"DEBUG=1",
					"$(inherited)",
				);
				GCC_WARN_UNINITIALIZED_AUTOS = YES;
				IPHONEOS_DEPLOYMENT_TARGET = 6.0;
				ONLY_ACTIVE_ARCH = YES;
				OTHER_LDFLAGS = "-ObjC";
				PRODUCT_NAME = "$(TARGET_NAME)";
				SKIP_INSTALL = YES;
			};
			name = Debug;
		};
		E605121516271C9600D6140A /* Release */ = {
			isa = XCBuildConfiguration;
			buildSettings = {
				ALWAYS_SEARCH_USER_PATHS = NO;
				CLANG_CXX_LANGUAGE_STANDARD = "gnu++0x";
				CLANG_CXX_LIBRARY = "libc++";
				CLANG_WARN_EMPTY_BODY = YES;
				CLANG_WARN__DUPLICATE_METHOD_MATCH = YES;
				COPY_PHASE_STRIP = YES;
				DSTROOT = /tmp/CCItemsScroller_script.dst;
				GCC_PRECOMPILE_PREFIX_HEADER = YES;
				GCC_PREFIX_HEADER = "CCItemsScroller_script/CCItemsScroller_script-Prefix.pch";
				GCC_WARN_UNINITIALIZED_AUTOS = YES;
				IPHONEOS_DEPLOYMENT_TARGET = 6.0;
				OTHER_LDFLAGS = "-ObjC";
				PRODUCT_NAME = "$(TARGET_NAME)";
				SKIP_INSTALL = YES;
				VALIDATE_PRODUCT = YES;
			};
			name = Release;
		};
		E605122316271CA900D6140A /* Debug */ = {
			isa = XCBuildConfiguration;
			buildSettings = {
				ALWAYS_SEARCH_USER_PATHS = NO;
				ARCHS = "$(ARCHS_STANDARD_64_BIT)";
				CLANG_ENABLE_OBJC_ARC = YES;
				CLANG_WARN_EMPTY_BODY = YES;
				CLANG_WARN__DUPLICATE_METHOD_MATCH = YES;
				COMBINE_HIDPI_IMAGES = YES;
				COPY_PHASE_STRIP = NO;
				FRAMEWORK_SEARCH_PATHS = (
					"$(inherited)",
					"\"$(SYSTEM_APPS_DIR)/Xcode.app/Contents/Developer/Library/Frameworks\"",
				);
				GCC_DYNAMIC_NO_PIC = NO;
				GCC_ENABLE_OBJC_EXCEPTIONS = YES;
				GCC_PRECOMPILE_PREFIX_HEADER = YES;
				GCC_PREFIX_HEADER = "CCItemsScrollerMac/CCItemsScrollerMac-Prefix.pch";
				GCC_PREPROCESSOR_DEFINITIONS = (
					"DEBUG=1",
					"$(inherited)",
				);
				GCC_WARN_64_TO_32_BIT_CONVERSION = YES;
				GCC_WARN_UNINITIALIZED_AUTOS = YES;
				HEADER_SEARCH_PATHS = "~/Programming/SharedLibsMac/CocosMac/include/**";
				LIBRARY_SEARCH_PATHS = "~/Programming/SharedLibsMac/CocosMac/lib/**";
				MACOSX_DEPLOYMENT_TARGET = 10.8;
				ONLY_ACTIVE_ARCH = YES;
				PRODUCT_NAME = "$(TARGET_NAME)";
				SDKROOT = macosx;
			};
			name = Debug;
		};
		E605122416271CA900D6140A /* Release */ = {
			isa = XCBuildConfiguration;
			buildSettings = {
				ALWAYS_SEARCH_USER_PATHS = NO;
				ARCHS = "$(ARCHS_STANDARD_64_BIT)";
				CLANG_ENABLE_OBJC_ARC = YES;
				CLANG_WARN_EMPTY_BODY = YES;
				CLANG_WARN__DUPLICATE_METHOD_MATCH = YES;
				COMBINE_HIDPI_IMAGES = YES;
				COPY_PHASE_STRIP = YES;
				DEBUG_INFORMATION_FORMAT = "dwarf-with-dsym";
				FRAMEWORK_SEARCH_PATHS = (
					"$(inherited)",
					"\"$(SYSTEM_APPS_DIR)/Xcode.app/Contents/Developer/Library/Frameworks\"",
				);
				GCC_ENABLE_OBJC_EXCEPTIONS = YES;
				GCC_PRECOMPILE_PREFIX_HEADER = YES;
				GCC_PREFIX_HEADER = "CCItemsScrollerMac/CCItemsScrollerMac-Prefix.pch";
				GCC_WARN_64_TO_32_BIT_CONVERSION = YES;
				GCC_WARN_UNINITIALIZED_AUTOS = YES;
				HEADER_SEARCH_PATHS = "~/Programming/SharedLibsMac/CocosMac/include/**";
				LIBRARY_SEARCH_PATHS = "~/Programming/SharedLibsMac/CocosMac/lib/**";
				MACOSX_DEPLOYMENT_TARGET = 10.8;
				PRODUCT_NAME = "$(TARGET_NAME)";
				SDKROOT = macosx;
			};
			name = Release;
		};
		E605123216271CC000D6140A /* Debug */ = {
			isa = XCBuildConfiguration;
			buildSettings = {
				ALWAYS_SEARCH_USER_PATHS = NO;
				ARCHS = "$(ARCHS_STANDARD_64_BIT)";
				CLANG_CXX_LANGUAGE_STANDARD = "gnu++0x";
				CLANG_CXX_LIBRARY = "libc++";
				CLANG_WARN_EMPTY_BODY = YES;
				CLANG_WARN__DUPLICATE_METHOD_MATCH = YES;
				COMBINE_HIDPI_IMAGES = YES;
				COPY_PHASE_STRIP = NO;
				FRAMEWORK_SEARCH_PATHS = (
					"$(inherited)",
					"\"$(SYSTEM_APPS_DIR)/Xcode.app/Contents/Developer/Library/Frameworks\"",
				);
				GCC_DYNAMIC_NO_PIC = NO;
				GCC_ENABLE_OBJC_EXCEPTIONS = YES;
				GCC_PRECOMPILE_PREFIX_HEADER = YES;
				GCC_PREFIX_HEADER = "CCItemsScrollerMac_script/CCItemsScrollerMac_script-Prefix.pch";
				GCC_PREPROCESSOR_DEFINITIONS = (
					"DEBUG=1",
					"$(inherited)",
				);
				GCC_WARN_64_TO_32_BIT_CONVERSION = YES;
				GCC_WARN_UNINITIALIZED_AUTOS = YES;
				MACOSX_DEPLOYMENT_TARGET = 10.8;
				ONLY_ACTIVE_ARCH = YES;
				PRODUCT_NAME = "$(TARGET_NAME)";
				SDKROOT = macosx;
			};
			name = Debug;
		};
		E605123316271CC000D6140A /* Release */ = {
			isa = XCBuildConfiguration;
			buildSettings = {
				ALWAYS_SEARCH_USER_PATHS = NO;
				ARCHS = "$(ARCHS_STANDARD_64_BIT)";
				CLANG_CXX_LANGUAGE_STANDARD = "gnu++0x";
				CLANG_CXX_LIBRARY = "libc++";
				CLANG_WARN_EMPTY_BODY = YES;
				CLANG_WARN__DUPLICATE_METHOD_MATCH = YES;
				COMBINE_HIDPI_IMAGES = YES;
				COPY_PHASE_STRIP = YES;
				DEBUG_INFORMATION_FORMAT = "dwarf-with-dsym";
				FRAMEWORK_SEARCH_PATHS = (
					"$(inherited)",
					"\"$(SYSTEM_APPS_DIR)/Xcode.app/Contents/Developer/Library/Frameworks\"",
				);
				GCC_ENABLE_OBJC_EXCEPTIONS = YES;
				GCC_PRECOMPILE_PREFIX_HEADER = YES;
				GCC_PREFIX_HEADER = "CCItemsScrollerMac_script/CCItemsScrollerMac_script-Prefix.pch";
				GCC_WARN_64_TO_32_BIT_CONVERSION = YES;
				GCC_WARN_UNINITIALIZED_AUTOS = YES;
				MACOSX_DEPLOYMENT_TARGET = 10.8;
				PRODUCT_NAME = "$(TARGET_NAME)";
				SDKROOT = macosx;
			};
			name = Release;
		};
/* End XCBuildConfiguration section */

/* Begin XCConfigurationList section */
		D3CF948015B5BE130041FE53 /* Build configuration list for PBXProject "CCItemsScrollerTest" */ = {
			isa = XCConfigurationList;
			buildConfigurations = (
				D3CF961D15B5BE170041FE53 /* Debug */,
				D3CF961E15B5BE170041FE53 /* Release */,
			);
			defaultConfigurationIsVisible = 0;
			defaultConfigurationName = Release;
		};
		D3CF961F15B5BE170041FE53 /* Build configuration list for PBXNativeTarget "CCItemsScrollerTest" */ = {
			isa = XCConfigurationList;
			buildConfigurations = (
				D3CF962015B5BE170041FE53 /* Debug */,
				D3CF962115B5BE170041FE53 /* Release */,
			);
			defaultConfigurationIsVisible = 0;
			defaultConfigurationName = Release;
		};
		E60511BA162713DE00D6140A /* Build configuration list for PBXNativeTarget "CCItemsScrollerTestMac" */ = {
			isa = XCConfigurationList;
			buildConfigurations = (
				E60511BB162713DE00D6140A /* Debug */,
				E60511BC162713DE00D6140A /* Release */,
			);
			defaultConfigurationIsVisible = 0;
		};
		E605120316271C7D00D6140A /* Build configuration list for PBXNativeTarget "CCItemsScroller" */ = {
			isa = XCConfigurationList;
			buildConfigurations = (
				E605120416271C7D00D6140A /* Debug */,
				E605120516271C7D00D6140A /* Release */,
			);
			defaultConfigurationIsVisible = 0;
		};
		E605121316271C9600D6140A /* Build configuration list for PBXNativeTarget "CCItemsScroller_script" */ = {
			isa = XCConfigurationList;
			buildConfigurations = (
				E605121416271C9600D6140A /* Debug */,
				E605121516271C9600D6140A /* Release */,
			);
			defaultConfigurationIsVisible = 0;
		};
		E605122216271CA900D6140A /* Build configuration list for PBXNativeTarget "CCItemsScrollerMac" */ = {
			isa = XCConfigurationList;
			buildConfigurations = (
				E605122316271CA900D6140A /* Debug */,
				E605122416271CA900D6140A /* Release */,
			);
			defaultConfigurationIsVisible = 0;
		};
		E605123116271CC000D6140A /* Build configuration list for PBXNativeTarget "CCItemsScrollerMac_script" */ = {
			isa = XCConfigurationList;
			buildConfigurations = (
				E605123216271CC000D6140A /* Debug */,
				E605123316271CC000D6140A /* Release */,
			);
			defaultConfigurationIsVisible = 0;
		};
/* End XCConfigurationList section */
	};
	rootObject = D3CF947D15B5BE130041FE53 /* Project object */;
}
